
Microsoft Visual Studio Solution File, Format Version 12.00
# Visual Studio Version 16
VisualStudioVersion = 16.0.29326.143
MinimumVisualStudioVersion = 10.0.40219.1
Project("{FAE04EC0-301F-11D3-BF4B-00C04F79EFBC}") = "IWAApp", "IWAApp.csproj", "{9381CB08-41C6-4A2D-A9C0-587B2ECB3ACF}"
EndProject
Global
	GlobalSection(SolutionConfigurationPlatforms) = preSolution
		Debug|Any CPU = Debug|Any CPU
		Release|Any CPU = Release|Any CPU
	EndGlobalSection
	GlobalSection(ProjectConfigurationPlatforms) = postSolution
		{9381CB08-41C6-4A2D-A9C0-587B2ECB3ACF}.Debug|Any CPU.ActiveCfg = Debug|Any CPU
		{9381CB08-41C6-4A2D-A9C0-587B2ECB3ACF}.Debug|Any CPU.Build.0 = Debug|Any CPU
		{9381CB08-41C6-4A2D-A9C0-587B2ECB3ACF}.Release|Any CPU.ActiveCfg = Release|Any CPU
		{9381CB08-41C6-4A2D-A9C0-587B2ECB3ACF}.Release|Any CPU.Build.0 = Release|Any CPU
	EndGlobalSection
	GlobalSection(SolutionProperties) = preSolution
		HideSolutionNode = FALSE
	EndGlobalSection
	GlobalSection(ExtensibilityGlobals) = postSolution
		SolutionGuid = {6BC02FE0-B418-4A6B-9D1E-67090A10AF5D}
	EndGlobalSection
EndGlobal
